
Microsoft Visual Studio Solution File, Format Version 12.00
# Visual Studio 15
VisualStudioVersion = 15.0.26430.16
MinimumVisualStudioVersion = 10.0.40219.1
Project("{FAE04EC0-301F-11D3-BF4B-00C04F79EFBC}") = "AzureContainerInstances.JobGenerator", "AzureContainerInstances.JobGenerator\AzureContainerInstances.JobGenerator.csproj", "{73CDF51F-739B-4EE8-9F47-B0FCC7CF4D87}"
EndProject
Project("{FAE04EC0-301F-11D3-BF4B-00C04F79EFBC}") = "AzureContainerInstances.Logging", "AzureContainerInstances.Logging\AzureContainerInstances.Logging.csproj", "{C744A902-15A4-4352-A606-2DAC091E2B5C}"
EndProject
Project("{FAE04EC0-301F-11D3-BF4B-00C04F79EFBC}") = "AzureContainerInstances.JobProcessing", "AzureContainerInstances.JobProcessing\AzureContainerInstances.JobProcessing.csproj", "{1B3227A8-6830-42C3-969E-2546383EB6C9}"
EndProject
Global
	GlobalSection(SolutionConfigurationPlatforms) = preSolution
		Debug|Any CPU = Debug|Any CPU
		Release|Any CPU = Release|Any CPU
	EndGlobalSection
	GlobalSection(ProjectConfigurationPlatforms) = postSolution
		{73CDF51F-739B-4EE8-9F47-B0FCC7CF4D87}.Debug|Any CPU.ActiveCfg = Debug|Any CPU
		{73CDF51F-739B-4EE8-9F47-B0FCC7CF4D87}.Debug|Any CPU.Build.0 = Debug|Any CPU
		{73CDF51F-739B-4EE8-9F47-B0FCC7CF4D87}.Release|Any CPU.ActiveCfg = Release|Any CPU
		{73CDF51F-739B-4EE8-9F47-B0FCC7CF4D87}.Release|Any CPU.Build.0 = Release|Any CPU
		{C744A902-15A4-4352-A606-2DAC091E2B5C}.Debug|Any CPU.ActiveCfg = Debug|Any CPU
		{C744A902-15A4-4352-A606-2DAC091E2B5C}.Debug|Any CPU.Build.0 = Debug|Any CPU
		{C744A902-15A4-4352-A606-2DAC091E2B5C}.Release|Any CPU.ActiveCfg = Release|Any CPU
		{C744A902-15A4-4352-A606-2DAC091E2B5C}.Release|Any CPU.Build.0 = Release|Any CPU
		{1B3227A8-6830-42C3-969E-2546383EB6C9}.Debug|Any CPU.ActiveCfg = Debug|Any CPU
		{1B3227A8-6830-42C3-969E-2546383EB6C9}.Debug|Any CPU.Build.0 = Debug|Any CPU
		{1B3227A8-6830-42C3-969E-2546383EB6C9}.Release|Any CPU.ActiveCfg = Release|Any CPU
		{1B3227A8-6830-42C3-969E-2546383EB6C9}.Release|Any CPU.Build.0 = Release|Any CPU
	EndGlobalSection
	GlobalSection(SolutionProperties) = preSolution
		HideSolutionNode = FALSE
	EndGlobalSection
EndGlobal
