
Microsoft Visual Studio Solution File, Format Version 12.00
# Visual Studio 15
VisualStudioVersion = 15.0.26430.16
MinimumVisualStudioVersion = 10.0.40219.1
Project("{9A19103F-16F7-4668-BE54-9A1E7A4F7556}") = "AzureContainerInstances.JobGenerator", "AzureContainerInstances.JobGenerator\AzureContainerInstances.JobGenerator.csproj", "{73CDF51F-739B-4EE8-9F47-B0FCC7CF4D87}"
EndProject
Project("{9A19103F-16F7-4668-BE54-9A1E7A4F7556}") = "AzureContainerInstances.Logging", "AzureContainerInstances.Logging\AzureContainerInstances.Logging.csproj", "{C744A902-15A4-4352-A606-2DAC091E2B5C}"
EndProject
Project("{E53339B2-1760-4266-BCC7-CA923CBCF16C}") = "docker-compose", "docker-compose.dcproj", "{7E4564A1-C3B1-4A07-9404-023BB28FCFB8}"
EndProject
Project("{2150E333-8FDC-42A3-9474-1A3956D46DE8}") = "Solution Items", "Solution Items", "{BF8CB279-0C64-4CAB-975C-4F87DC2C014C}"
	ProjectSection(SolutionItems) = preProject
		azuredeploy.json = azuredeploy.json
		azuredeploy.parameters.json = azuredeploy.parameters.json
		build-containers.bat = build-containers.bat
		push-containers.bat = push-containers.bat
		README.md = README.md
	EndProjectSection
EndProject
Project("{9A19103F-16F7-4668-BE54-9A1E7A4F7556}") = "AzureContainerInstances.JobProcessing", "AzureContainerInstances.JobProcessing\AzureContainerInstances.JobProcessing.csproj", "{F56263BE-DA09-4B25-92FD-9765653CF213}"
EndProject
Global
	GlobalSection(SolutionConfigurationPlatforms) = preSolution
		Debug|Any CPU = Debug|Any CPU
		Release|Any CPU = Release|Any CPU
	EndGlobalSection
	GlobalSection(ProjectConfigurationPlatforms) = postSolution
		{73CDF51F-739B-4EE8-9F47-B0FCC7CF4D87}.Debug|Any CPU.ActiveCfg = Debug|Any CPU
		{73CDF51F-739B-4EE8-9F47-B0FCC7CF4D87}.Debug|Any CPU.Build.0 = Debug|Any CPU
		{73CDF51F-739B-4EE8-9F47-B0FCC7CF4D87}.Release|Any CPU.ActiveCfg = Release|Any CPU
		{73CDF51F-739B-4EE8-9F47-B0FCC7CF4D87}.Release|Any CPU.Build.0 = Release|Any CPU
		{C744A902-15A4-4352-A606-2DAC091E2B5C}.Debug|Any CPU.ActiveCfg = Debug|Any CPU
		{C744A902-15A4-4352-A606-2DAC091E2B5C}.Debug|Any CPU.Build.0 = Debug|Any CPU
		{C744A902-15A4-4352-A606-2DAC091E2B5C}.Release|Any CPU.ActiveCfg = Release|Any CPU
		{C744A902-15A4-4352-A606-2DAC091E2B5C}.Release|Any CPU.Build.0 = Release|Any CPU
		{7E4564A1-C3B1-4A07-9404-023BB28FCFB8}.Debug|Any CPU.ActiveCfg = Debug|Any CPU
		{7E4564A1-C3B1-4A07-9404-023BB28FCFB8}.Debug|Any CPU.Build.0 = Debug|Any CPU
		{7E4564A1-C3B1-4A07-9404-023BB28FCFB8}.Release|Any CPU.ActiveCfg = Release|Any CPU
		{7E4564A1-C3B1-4A07-9404-023BB28FCFB8}.Release|Any CPU.Build.0 = Release|Any CPU
		{F56263BE-DA09-4B25-92FD-9765653CF213}.Debug|Any CPU.ActiveCfg = Debug|Any CPU
		{F56263BE-DA09-4B25-92FD-9765653CF213}.Debug|Any CPU.Build.0 = Debug|Any CPU
		{F56263BE-DA09-4B25-92FD-9765653CF213}.Release|Any CPU.ActiveCfg = Release|Any CPU
		{F56263BE-DA09-4B25-92FD-9765653CF213}.Release|Any CPU.Build.0 = Release|Any CPU
	EndGlobalSection
	GlobalSection(SolutionProperties) = preSolution
		HideSolutionNode = FALSE
	EndGlobalSection
EndGlobal
